// !$*UTF8*$!
{
	archiveVersion = 1;
	classes = {
	};
	objectVersion = 46;
	objects = {

/* Begin PBXBuildFile section */
		47CA226F1DF0CDB400BB23F8 /* AppDelegate.swift in Sources */ = {isa = PBXBuildFile; fileRef = 47CA226E1DF0CDB400BB23F8 /* AppDelegate.swift */; };
		47CA22711DF0CDB400BB23F8 /* ViewController.swift in Sources */ = {isa = PBXBuildFile; fileRef = 47CA22701DF0CDB400BB23F8 /* ViewController.swift */; };
		47CA22741DF0CDB400BB23F8 /* Main.storyboard in Resources */ = {isa = PBXBuildFile; fileRef = 47CA22721DF0CDB400BB23F8 /* Main.storyboard */; };
		47CA22761DF0CDB400BB23F8 /* Assets.xcassets in Resources */ = {isa = PBXBuildFile; fileRef = 47CA22751DF0CDB400BB23F8 /* Assets.xcassets */; };
		47CA22791DF0CDB400BB23F8 /* LaunchScreen.storyboard in Resources */ = {isa = PBXBuildFile; fileRef = 47CA22771DF0CDB400BB23F8 /* LaunchScreen.storyboard */; };
		47CA22841DF0CDB400BB23F8 /* musiicTests.swift in Sources */ = {isa = PBXBuildFile; fileRef = 47CA22831DF0CDB400BB23F8 /* musiicTests.swift */; };
		47CA228F1DF0CDB400BB23F8 /* musiicUITests.swift in Sources */ = {isa = PBXBuildFile; fileRef = 47CA228E1DF0CDB400BB23F8 /* musiicUITests.swift */; };
/* End PBXBuildFile section */

/* Begin PBXContainerItemProxy section */
		47CA22801DF0CDB400BB23F8 /* PBXContainerItemProxy */ = {
			isa = PBXContainerItemProxy;
			containerPortal = 47CA22631DF0CDB400BB23F8 /* Project object */;
			proxyType = 1;
			remoteGlobalIDString = 47CA226A1DF0CDB400BB23F8;
			remoteInfo = musiic;
		};
		47CA228B1DF0CDB400BB23F8 /* PBXContainerItemProxy */ = {
			isa = PBXContainerItemProxy;
			containerPortal = 47CA22631DF0CDB400BB23F8 /* Project object */;
			proxyType = 1;
			remoteGlobalIDString = 47CA226A1DF0CDB400BB23F8;
			remoteInfo = musiic;
		};
/* End PBXContainerItemProxy section */

/* Begin PBXFileReference section */
		47CA226B1DF0CDB400BB23F8 /* musiic.app */ = {isa = PBXFileReference; explicitFileType = wrapper.application; includeInIndex = 0; path = musiic.app; sourceTree = BUILT_PRODUCTS_DIR; };
		47CA226E1DF0CDB400BB23F8 /* AppDelegate.swift */ = {isa = PBXFileReference; lastKnownFileType = sourcecode.swift; path = AppDelegate.swift; sourceTree = "<group>"; };
		47CA22701DF0CDB400BB23F8 /* ViewController.swift */ = {isa = PBXFileReference; lastKnownFileType = sourcecode.swift; path = ViewController.swift; sourceTree = "<group>"; };
		47CA22731DF0CDB400BB23F8 /* Base */ = {isa = PBXFileReference; lastKnownFileType = file.storyboard; name = Base; path = Base.lproj/Main.storyboard; sourceTree = "<group>"; };
		47CA22751DF0CDB400BB23F8 /* Assets.xcassets */ = {isa = PBXFileReference; lastKnownFileType = folder.assetcatalog; path = Assets.xcassets; sourceTree = "<group>"; };
		47CA22781DF0CDB400BB23F8 /* Base */ = {isa = PBXFileReference; lastKnownFileType = file.storyboard; name = Base; path = Base.lproj/LaunchScreen.storyboard; sourceTree = "<group>"; };
		47CA227A1DF0CDB400BB23F8 /* Info.plist */ = {isa = PBXFileReference; lastKnownFileType = text.plist.xml; path = Info.plist; sourceTree = "<group>"; };
		47CA227F1DF0CDB400BB23F8 /* musiicTests.xctest */ = {isa = PBXFileReference; explicitFileType = wrapper.cfbundle; includeInIndex = 0; path = musiicTests.xctest; sourceTree = BUILT_PRODUCTS_DIR; };
		47CA22831DF0CDB400BB23F8 /* musiicTests.swift */ = {isa = PBXFileReference; lastKnownFileType = sourcecode.swift; path = musiicTests.swift; sourceTree = "<group>"; };
		47CA22851DF0CDB400BB23F8 /* Info.plist */ = {isa = PBXFileReference; lastKnownFileType = text.plist.xml; path = Info.plist; sourceTree = "<group>"; };
		47CA228A1DF0CDB400BB23F8 /* musiicUITests.xctest */ = {isa = PBXFileReference; explicitFileType = wrapper.cfbundle; includeInIndex = 0; path = musiicUITests.xctest; sourceTree = BUILT_PRODUCTS_DIR; };
		47CA228E1DF0CDB400BB23F8 /* musiicUITests.swift */ = {isa = PBXFileReference; lastKnownFileType = sourcecode.swift; path = musiicUITests.swift; sourceTree = "<group>"; };
		47CA22901DF0CDB400BB23F8 /* Info.plist */ = {isa = PBXFileReference; lastKnownFileType = text.plist.xml; path = Info.plist; sourceTree = "<group>"; };
/* End PBXFileReference section */

/* Begin PBXFrameworksBuildPhase section */
		47CA22681DF0CDB400BB23F8 /* Frameworks */ = {
			isa = PBXFrameworksBuildPhase;
			buildActionMask = 2147483647;
			files = (
			);
			runOnlyForDeploymentPostprocessing = 0;
		};
		47CA227C1DF0CDB400BB23F8 /* Frameworks */ = {
			isa = PBXFrameworksBuildPhase;
			buildActionMask = 2147483647;
			files = (
			);
			runOnlyForDeploymentPostprocessing = 0;
		};
		47CA22871DF0CDB400BB23F8 /* Frameworks */ = {
			isa = PBXFrameworksBuildPhase;
			buildActionMask = 2147483647;
			files = (
			);
			runOnlyForDeploymentPostprocessing = 0;
		};
/* End PBXFrameworksBuildPhase section */

/* Begin PBXGroup section */
		47CA22621DF0CDB400BB23F8 = {
			isa = PBXGroup;
			children = (
				47CA226D1DF0CDB400BB23F8 /* musiic */,
				47CA22821DF0CDB400BB23F8 /* musiicTests */,
				47CA228D1DF0CDB400BB23F8 /* musiicUITests */,
				47CA226C1DF0CDB400BB23F8 /* Products */,
			);
			sourceTree = "<group>";
		};
		47CA226C1DF0CDB400BB23F8 /* Products */ = {
			isa = PBXGroup;
			children = (
				47CA226B1DF0CDB400BB23F8 /* musiic.app */,
				47CA227F1DF0CDB400BB23F8 /* musiicTests.xctest */,
				47CA228A1DF0CDB400BB23F8 /* musiicUITests.xctest */,
			);
			name = Products;
			sourceTree = "<group>";
		};
		47CA226D1DF0CDB400BB23F8 /* musiic */ = {
			isa = PBXGroup;
			children = (
				47CA226E1DF0CDB400BB23F8 /* AppDelegate.swift */,
				47CA22701DF0CDB400BB23F8 /* ViewController.swift */,
				47CA22721DF0CDB400BB23F8 /* Main.storyboard */,
				47CA22751DF0CDB400BB23F8 /* Assets.xcassets */,
				47CA22771DF0CDB400BB23F8 /* LaunchScreen.storyboard */,
				47CA227A1DF0CDB400BB23F8 /* Info.plist */,
			);
			path = musiic;
			sourceTree = "<group>";
		};
		47CA22821DF0CDB400BB23F8 /* musiicTests */ = {
			isa = PBXGroup;
			children = (
				47CA22831DF0CDB400BB23F8 /* musiicTests.swift */,
				47CA22851DF0CDB400BB23F8 /* Info.plist */,
			);
			path = musiicTests;
			sourceTree = "<group>";
		};
		47CA228D1DF0CDB400BB23F8 /* musiicUITests */ = {
			isa = PBXGroup;
			children = (
				47CA228E1DF0CDB400BB23F8 /* musiicUITests.swift */,
				47CA22901DF0CDB400BB23F8 /* Info.plist */,
			);
			path = musiicUITests;
			sourceTree = "<group>";
		};
/* End PBXGroup section */

/* Begin PBXNativeTarget section */
		47CA226A1DF0CDB400BB23F8 /* musiic */ = {
			isa = PBXNativeTarget;
			buildConfigurationList = 47CA22931DF0CDB400BB23F8 /* Build configuration list for PBXNativeTarget "musiic" */;
			buildPhases = (
				47CA22671DF0CDB400BB23F8 /* Sources */,
				47CA22681DF0CDB400BB23F8 /* Frameworks */,
				47CA22691DF0CDB400BB23F8 /* Resources */,
			);
			buildRules = (
			);
			dependencies = (
			);
			name = musiic;
			productName = musiic;
			productReference = 47CA226B1DF0CDB400BB23F8 /* musiic.app */;
			productType = "com.apple.product-type.application";
		};
		47CA227E1DF0CDB400BB23F8 /* musiicTests */ = {
			isa = PBXNativeTarget;
			buildConfigurationList = 47CA22961DF0CDB400BB23F8 /* Build configuration list for PBXNativeTarget "musiicTests" */;
			buildPhases = (
				47CA227B1DF0CDB400BB23F8 /* Sources */,
				47CA227C1DF0CDB400BB23F8 /* Frameworks */,
				47CA227D1DF0CDB400BB23F8 /* Resources */,
			);
			buildRules = (
			);
			dependencies = (
				47CA22811DF0CDB400BB23F8 /* PBXTargetDependency */,
			);
			name = musiicTests;
			productName = musiicTests;
			productReference = 47CA227F1DF0CDB400BB23F8 /* musiicTests.xctest */;
			productType = "com.apple.product-type.bundle.unit-test";
		};
		47CA22891DF0CDB400BB23F8 /* musiicUITests */ = {
			isa = PBXNativeTarget;
			buildConfigurationList = 47CA22991DF0CDB400BB23F8 /* Build configuration list for PBXNativeTarget "musiicUITests" */;
			buildPhases = (
				47CA22861DF0CDB400BB23F8 /* Sources */,
				47CA22871DF0CDB400BB23F8 /* Frameworks */,
				47CA22881DF0CDB400BB23F8 /* Resources */,
			);
			buildRules = (
			);
			dependencies = (
				47CA228C1DF0CDB400BB23F8 /* PBXTargetDependency */,
			);
			name = musiicUITests;
			productName = musiicUITests;
			productReference = 47CA228A1DF0CDB400BB23F8 /* musiicUITests.xctest */;
			productType = "com.apple.product-type.bundle.ui-testing";
		};
/* End PBXNativeTarget section */

/* Begin PBXProject section */
		47CA22631DF0CDB400BB23F8 /* Project object */ = {
			isa = PBXProject;
			attributes = {
				LastSwiftUpdateCheck = 0730;
				LastUpgradeCheck = 0730;
				ORGANIZATIONNAME = "General Software Corporation Ltd";
				TargetAttributes = {
					47CA226A1DF0CDB400BB23F8 = {
						CreatedOnToolsVersion = 7.3.1;
					};
					47CA227E1DF0CDB400BB23F8 = {
						CreatedOnToolsVersion = 7.3.1;
						TestTargetID = 47CA226A1DF0CDB400BB23F8;
					};
					47CA22891DF0CDB400BB23F8 = {
						CreatedOnToolsVersion = 7.3.1;
						TestTargetID = 47CA226A1DF0CDB400BB23F8;
					};
				};
			};
			buildConfigurationList = 47CA22661DF0CDB400BB23F8 /* Build configuration list for PBXProject "musiic" */;
			compatibilityVersion = "Xcode 3.2";
			developmentRegion = English;
			hasScannedForEncodings = 0;
			knownRegions = (
				en,
				Base,
			);
			mainGroup = 47CA22621DF0CDB400BB23F8;
			productRefGroup = 47CA226C1DF0CDB400BB23F8 /* Products */;
			projectDirPath = "";
			projectRoot = "";
			targets = (
				47CA226A1DF0CDB400BB23F8 /* musiic */,
				47CA227E1DF0CDB400BB23F8 /* musiicTests */,
				47CA22891DF0CDB400BB23F8 /* musiicUITests */,
			);
		};
/* End PBXProject section */

/* Begin PBXResourcesBuildPhase section */
		47CA22691DF0CDB400BB23F8 /* Resources */ = {
			isa = PBXResourcesBuildPhase;
			buildActionMask = 2147483647;
			files = (
				47CA22791DF0CDB400BB23F8 /* LaunchScreen.storyboard in Resources */,
				47CA22761DF0CDB400BB23F8 /* Assets.xcassets in Resources */,
				47CA22741DF0CDB400BB23F8 /* Main.storyboard in Resources */,
			);
			runOnlyForDeploymentPostprocessing = 0;
		};
		47CA227D1DF0CDB400BB23F8 /* Resources */ = {
			isa = PBXResourcesBuildPhase;
			buildActionMask = 2147483647;
			files = (
			);
			runOnlyForDeploymentPostprocessing = 0;
		};
		47CA22881DF0CDB400BB23F8 /* Resources */ = {
			isa = PBXResourcesBuildPhase;
			buildActionMask = 2147483647;
			files = (
			);
			runOnlyForDeploymentPostprocessing = 0;
		};
/* End PBXResourcesBuildPhase section */

/* Begin PBXSourcesBuildPhase section */
		47CA22671DF0CDB400BB23F8 /* Sources */ = {
			isa = PBXSourcesBuildPhase;
			buildActionMask = 2147483647;
			files = (
				47CA22711DF0CDB400BB23F8 /* ViewController.swift in Sources */,
				47CA226F1DF0CDB400BB23F8 /* AppDelegate.swift in Sources */,
			);
			runOnlyForDeploymentPostprocessing = 0;
		};
		47CA227B1DF0CDB400BB23F8 /* Sources */ = {
			isa = PBXSourcesBuildPhase;
			buildActionMask = 2147483647;
			files = (
				47CA22841DF0CDB400BB23F8 /* musiicTests.swift in Sources */,
			);
			runOnlyForDeploymentPostprocessing = 0;
		};
		47CA22861DF0CDB400BB23F8 /* Sources */ = {
			isa = PBXSourcesBuildPhase;
			buildActionMask = 2147483647;
			files = (
				47CA228F1DF0CDB400BB23F8 /* musiicUITests.swift in Sources */,
			);
			runOnlyForDeploymentPostprocessing = 0;
		};
/* End PBXSourcesBuildPhase section */

/* Begin PBXTargetDependency section */
		47CA22811DF0CDB400BB23F8 /* PBXTargetDependency */ = {
			isa = PBXTargetDependency;
			target = 47CA226A1DF0CDB400BB23F8 /* musiic */;
			targetProxy = 47CA22801DF0CDB400BB23F8 /* PBXContainerItemProxy */;
		};
		47CA228C1DF0CDB400BB23F8 /* PBXTargetDependency */ = {
			isa = PBXTargetDependency;
			target = 47CA226A1DF0CDB400BB23F8 /* musiic */;
			targetProxy = 47CA228B1DF0CDB400BB23F8 /* PBXContainerItemProxy */;
		};
/* End PBXTargetDependency section */

/* Begin PBXVariantGroup section */
		47CA22721DF0CDB400BB23F8 /* Main.storyboard */ = {
			isa = PBXVariantGroup;
			children = (
				47CA22731DF0CDB400BB23F8 /* Base */,
			);
			name = Main.storyboard;
			sourceTree = "<group>";
		};
		47CA22771DF0CDB400BB23F8 /* LaunchScreen.storyboard */ = {
			isa = PBXVariantGroup;
			children = (
				47CA22781DF0CDB400BB23F8 /* Base */,
			);
			name = LaunchScreen.storyboard;
			sourceTree = "<group>";
		};
/* End PBXVariantGroup section */

/* Begin XCBuildConfiguration section */
		47CA22911DF0CDB400BB23F8 /* Debug */ = {
			isa = XCBuildConfiguration;
			buildSettings = {
				ALWAYS_SEARCH_USER_PATHS = NO;
				CLANG_ANALYZER_NONNULL = YES;
				CLANG_CXX_LANGUAGE_STANDARD = "gnu++0x";
				CLANG_CXX_LIBRARY = "libc++";
				CLANG_ENABLE_MODULES = YES;
				CLANG_ENABLE_OBJC_ARC = YES;
				CLANG_WARN_BOOL_CONVERSION = YES;
				CLANG_WARN_CONSTANT_CONVERSION = YES;
				CLANG_WARN_DIRECT_OBJC_ISA_USAGE = YES_ERROR;
				CLANG_WARN_EMPTY_BODY = YES;
				CLANG_WARN_ENUM_CONVERSION = YES;
				CLANG_WARN_INT_CONVERSION = YES;
				CLANG_WARN_OBJC_ROOT_CLASS = YES_ERROR;
				CLANG_WARN_UNREACHABLE_CODE = YES;
				CLANG_WARN__DUPLICATE_METHOD_MATCH = YES;
				"CODE_SIGN_IDENTITY[sdk=iphoneos*]" = "iPhone Developer";
				COPY_PHASE_STRIP = NO;
				DEBUG_INFORMATION_FORMAT = dwarf;
				ENABLE_STRICT_OBJC_MSGSEND = YES;
				ENABLE_TESTABILITY = YES;
				GCC_C_LANGUAGE_STANDARD = gnu99;
				GCC_DYNAMIC_NO_PIC = NO;
				GCC_NO_COMMON_BLOCKS = YES;
				GCC_OPTIMIZATION_LEVEL = 0;
				GCC_PREPROCESSOR_DEFINITIONS = (
					"DEBUG=1",
					"$(inherited)",
				);
				GCC_WARN_64_TO_32_BIT_CONVERSION = YES;
				GCC_WARN_ABOUT_RETURN_TYPE = YES_ERROR;
				GCC_WARN_UNDECLARED_SELECTOR = YES;
				GCC_WARN_UNINITIALIZED_AUTOS = YES_AGGRESSIVE;
				GCC_WARN_UNUSED_FUNCTION = YES;
				GCC_WARN_UNUSED_VARIABLE = YES;
				IPHONEOS_DEPLOYMENT_TARGET = 9.3;
				MTL_ENABLE_DEBUG_INFO = YES;
				ONLY_ACTIVE_ARCH = YES;
				SDKROOT = iphoneos;
				SWIFT_OPTIMIZATION_LEVEL = "-Onone";
				TARGETED_DEVICE_FAMILY = "1,2";
			};
			name = Debug;
		};
		47CA22921DF0CDB400BB23F8 /* Release */ = {
			isa = XCBuildConfiguration;
			buildSettings = {
				ALWAYS_SEARCH_USER_PATHS = NO;
				CLANG_ANALYZER_NONNULL = YES;
				CLANG_CXX_LANGUAGE_STANDARD = "gnu++0x";
				CLANG_CXX_LIBRARY = "libc++";
				CLANG_ENABLE_MODULES = YES;
				CLANG_ENABLE_OBJC_ARC = YES;
				CLANG_WARN_BOOL_CONVERSION = YES;
				CLANG_WARN_CONSTANT_CONVERSION = YES;
				CLANG_WARN_DIRECT_OBJC_ISA_USAGE = YES_ERROR;
				CLANG_WARN_EMPTY_BODY = YES;
				CLANG_WARN_ENUM_CONVERSION = YES;
				CLANG_WARN_INT_CONVERSION = YES;
				CLANG_WARN_OBJC_ROOT_CLASS = YES_ERROR;
				CLANG_WARN_UNREACHABLE_CODE = YES;
				CLANG_WARN__DUPLICATE_METHOD_MATCH = YES;
				"CODE_SIGN_IDENTITY[sdk=iphoneos*]" = "iPhone Developer";
				COPY_PHASE_STRIP = NO;
				DEBUG_INFORMATION_FORMAT = "dwarf-with-dsym";
				ENABLE_NS_ASSERTIONS = NO;
				ENABLE_STRICT_OBJC_MSGSEND = YES;
				GCC_C_LANGUAGE_STANDARD = gnu99;
				GCC_NO_COMMON_BLOCKS = YES;
				GCC_WARN_64_TO_32_BIT_CONVERSION = YES;
				GCC_WARN_ABOUT_RETURN_TYPE = YES_ERROR;
				GCC_WARN_UNDECLARED_SELECTOR = YES;
				GCC_WARN_UNINITIALIZED_AUTOS = YES_AGGRESSIVE;
				GCC_WARN_UNUSED_FUNCTION = YES;
				GCC_WARN_UNUSED_VARIABLE = YES;
				IPHONEOS_DEPLOYMENT_TARGET = 9.3;
				MTL_ENABLE_DEBUG_INFO = NO;
				SDKROOT = iphoneos;
				TARGETED_DEVICE_FAMILY = "1,2";
				VALIDATE_PRODUCT = YES;
			};
			name = Release;
		};
		47CA22941DF0CDB400BB23F8 /* Debug */ = {
			isa = XCBuildConfiguration;
			buildSettings = {
				ASSETCATALOG_COMPILER_APPICON_NAME = AppIcon;
				INFOPLIST_FILE = musiic/Info.plist;
				LD_RUNPATH_SEARCH_PATHS = "$(inherited) @executable_path/Frameworks";
				PRODUCT_BUNDLE_IDENTIFIER = "General-Software-Corporation-Ltd.musiic";
				PRODUCT_NAME = "$(TARGET_NAME)";
			};
			name = Debug;
		};
		47CA22951DF0CDB400BB23F8 /* Release */ = {
			isa = XCBuildConfiguration;
			buildSettings = {
				ASSETCATALOG_COMPILER_APPICON_NAME = AppIcon;
				INFOPLIST_FILE = musiic/Info.plist;
				LD_RUNPATH_SEARCH_PATHS = "$(inherited) @executable_path/Frameworks";
				PRODUCT_BUNDLE_IDENTIFIER = "General-Software-Corporation-Ltd.musiic";
				PRODUCT_NAME = "$(TARGET_NAME)";
			};
			name = Release;
		};
		47CA22971DF0CDB400BB23F8 /* Debug */ = {
			isa = XCBuildConfiguration;
			buildSettings = {
				BUNDLE_LOADER = "$(TEST_HOST)";
				INFOPLIST_FILE = musiicTests/Info.plist;
				LD_RUNPATH_SEARCH_PATHS = "$(inherited) @executable_path/Frameworks @loader_path/Frameworks";
				PRODUCT_BUNDLE_IDENTIFIER = "General-Software-Corporation-Ltd.musiicTests";
				PRODUCT_NAME = "$(TARGET_NAME)";
				TEST_HOST = "$(BUILT_PRODUCTS_DIR)/musiic.app/musiic";
			};
			name = Debug;
		};
		47CA22981DF0CDB400BB23F8 /* Release */ = {
			isa = XCBuildConfiguration;
			buildSettings = {
				BUNDLE_LOADER = "$(TEST_HOST)";
				INFOPLIST_FILE = musiicTests/Info.plist;
				LD_RUNPATH_SEARCH_PATHS = "$(inherited) @executable_path/Frameworks @loader_path/Frameworks";
				PRODUCT_BUNDLE_IDENTIFIER = "General-Software-Corporation-Ltd.musiicTests";
				PRODUCT_NAME = "$(TARGET_NAME)";
				TEST_HOST = "$(BUILT_PRODUCTS_DIR)/musiic.app/musiic";
			};
			name = Release;
		};
		47CA229A1DF0CDB400BB23F8 /* Debug */ = {
			isa = XCBuildConfiguration;
			buildSettings = {
				INFOPLIST_FILE = musiicUITests/Info.plist;
				LD_RUNPATH_SEARCH_PATHS = "$(inherited) @executable_path/Frameworks @loader_path/Frameworks";
				PRODUCT_BUNDLE_IDENTIFIER = "General-Software-Corporation-Ltd.musiicUITests";
				PRODUCT_NAME = "$(TARGET_NAME)";
				TEST_TARGET_NAME = musiic;
			};
			name = Debug;
		};
		47CA229B1DF0CDB400BB23F8 /* Release */ = {
			isa = XCBuildConfiguration;
			buildSettings = {
				INFOPLIST_FILE = musiicUITests/Info.plist;
				LD_RUNPATH_SEARCH_PATHS = "$(inherited) @executable_path/Frameworks @loader_path/Frameworks";
				PRODUCT_BUNDLE_IDENTIFIER = "General-Software-Corporation-Ltd.musiicUITests";
				PRODUCT_NAME = "$(TARGET_NAME)";
				TEST_TARGET_NAME = musiic;
			};
			name = Release;
		};
/* End XCBuildConfiguration section */

/* Begin XCConfigurationList section */
		47CA22661DF0CDB400BB23F8 /* Build configuration list for PBXProject "musiic" */ = {
			isa = XCConfigurationList;
			buildConfigurations = (
				47CA22911DF0CDB400BB23F8 /* Debug */,
				47CA22921DF0CDB400BB23F8 /* Release */,
			);
			defaultConfigurationIsVisible = 0;
			defaultConfigurationName = Release;
		};
		47CA22931DF0CDB400BB23F8 /* Build configuration list for PBXNativeTarget "musiic" */ = {
			isa = XCConfigurationList;
			buildConfigurations = (
				47CA22941DF0CDB400BB23F8 /* Debug */,
				47CA22951DF0CDB400BB23F8 /* Release */,
			);
			defaultConfigurationIsVisible = 0;
		};
		47CA22961DF0CDB400BB23F8 /* Build configuration list for PBXNativeTarget "musiicTests" */ = {
			isa = XCConfigurationList;
			buildConfigurations = (
				47CA22971DF0CDB400BB23F8 /* Debug */,
				47CA22981DF0CDB400BB23F8 /* Release */,
			);
			defaultConfigurationIsVisible = 0;
		};
		47CA22991DF0CDB400BB23F8 /* Build configuration list for PBXNativeTarget "musiicUITests" */ = {
			isa = XCConfigurationList;
			buildConfigurations = (
				47CA229A1DF0CDB400BB23F8 /* Debug */,
				47CA229B1DF0CDB400BB23F8 /* Release */,
			);
			defaultConfigurationIsVisible = 0;
		};
/* End XCConfigurationList section */
	};
	rootObject = 47CA22631DF0CDB400BB23F8 /* Project object */;
}
